
Microsoft Visual Studio Solution File, Format Version 12.00
Project("{FAE04EC0-301F-11D3-BF4B-00C04F79EFBC}") = "Todo", "Todo\Todo.csproj", "{C4FD7612-D2D0-4273-B7C1-4E61A3A711ED}"
EndProject
Project("{FAE04EC0-301F-11D3-BF4B-00C04F79EFBC}") = "TasksDAL", "TasksDAL\TasksDAL.csproj", "{58B7A91A-9750-4264-8C5E-0578D12BF286}"
EndProject
Global
	GlobalSection(SolutionConfigurationPlatforms) = preSolution
		Debug|Any CPU = Debug|Any CPU
		Release|Any CPU = Release|Any CPU
	EndGlobalSection
	GlobalSection(ProjectConfigurationPlatforms) = postSolution
		{C4FD7612-D2D0-4273-B7C1-4E61A3A711ED}.Debug|Any CPU.ActiveCfg = Debug|Any CPU
		{C4FD7612-D2D0-4273-B7C1-4E61A3A711ED}.Debug|Any CPU.Build.0 = Debug|Any CPU
		{C4FD7612-D2D0-4273-B7C1-4E61A3A711ED}.Release|Any CPU.ActiveCfg = Release|Any CPU
		{C4FD7612-D2D0-4273-B7C1-4E61A3A711ED}.Release|Any CPU.Build.0 = Release|Any CPU
		{58B7A91A-9750-4264-8C5E-0578D12BF286}.Debug|Any CPU.ActiveCfg = Debug|Any CPU
		{58B7A91A-9750-4264-8C5E-0578D12BF286}.Debug|Any CPU.Build.0 = Debug|Any CPU
		{58B7A91A-9750-4264-8C5E-0578D12BF286}.Release|Any CPU.ActiveCfg = Release|Any CPU
		{58B7A91A-9750-4264-8C5E-0578D12BF286}.Release|Any CPU.Build.0 = Release|Any CPU
	EndGlobalSection
EndGlobal
